
Microsoft Visual Studio Solution File, Format Version 12.00
# Visual Studio Version 16
VisualStudioVersion = 16.0.31410.357
MinimumVisualStudioVersion = 10.0.40219.1
Project("{FAE04EC0-301F-11D3-BF4B-00C04F79EFBC}") = "3-15 HW File Upload Demo", "3-15 HW File Upload Demo\3-15 HW File Upload Demo.csproj", "{850A5DBF-FC29-4773-B590-60E2F3CDFCF1}"
EndProject
Global
	GlobalSection(SolutionConfigurationPlatforms) = preSolution
		Debug|Any CPU = Debug|Any CPU
		Release|Any CPU = Release|Any CPU
	EndGlobalSection
	GlobalSection(ProjectConfigurationPlatforms) = postSolution
		{850A5DBF-FC29-4773-B590-60E2F3CDFCF1}.Debug|Any CPU.ActiveCfg = Debug|Any CPU
		{850A5DBF-FC29-4773-B590-60E2F3CDFCF1}.Debug|Any CPU.Build.0 = Debug|Any CPU
		{850A5DBF-FC29-4773-B590-60E2F3CDFCF1}.Release|Any CPU.ActiveCfg = Release|Any CPU
		{850A5DBF-FC29-4773-B590-60E2F3CDFCF1}.Release|Any CPU.Build.0 = Release|Any CPU
	EndGlobalSection
	GlobalSection(SolutionProperties) = preSolution
		HideSolutionNode = FALSE
	EndGlobalSection
	GlobalSection(ExtensibilityGlobals) = postSolution
		SolutionGuid = {3CF2E9B6-9720-46E3-9BEB-0F856FB962A1}
	EndGlobalSection
EndGlobal
